
Microsoft Visual Studio Solution File, Format Version 12.00
# Visual Studio Version 17
VisualStudioVersion = 17.11.35222.181
MinimumVisualStudioVersion = 10.0.40219.1
Project("{8BC9CEB8-8B4A-11D0-8D11-00A0C91BC942}") = "OurPainter", "OurPainter.vcxproj", "{8C768E26-F5EF-401E-B350-BAEAE6A523C0}"
EndProject
Global
	GlobalSection(SolutionConfigurationPlatforms) = preSolution
		Debug|x64 = Debug|x64
		Debug|x86 = Debug|x86
		Release|x64 = Release|x64
		Release|x86 = Release|x86
	EndGlobalSection
	GlobalSection(ProjectConfigurationPlatforms) = postSolution
		{8C768E26-F5EF-401E-B350-BAEAE6A523C0}.Debug|x64.ActiveCfg = Debug|x64
		{8C768E26-F5EF-401E-B350-BAEAE6A523C0}.Debug|x64.Build.0 = Debug|x64
		{8C768E26-F5EF-401E-B350-BAEAE6A523C0}.Debug|x86.ActiveCfg = Debug|Win32
		{8C768E26-F5EF-401E-B350-BAEAE6A523C0}.Debug|x86.Build.0 = Debug|Win32
		{8C768E26-F5EF-401E-B350-BAEAE6A523C0}.Release|x64.ActiveCfg = Release|x64
		{8C768E26-F5EF-401E-B350-BAEAE6A523C0}.Release|x64.Build.0 = Release|x64
		{8C768E26-F5EF-401E-B350-BAEAE6A523C0}.Release|x86.ActiveCfg = Release|Win32
		{8C768E26-F5EF-401E-B350-BAEAE6A523C0}.Release|x86.Build.0 = Release|Win32
	EndGlobalSection
	GlobalSection(SolutionProperties) = preSolution
		HideSolutionNode = FALSE
	EndGlobalSection
	GlobalSection(ExtensibilityGlobals) = postSolution
		SolutionGuid = {E8086B07-5FD2-48FF-B4CE-F71E424B7862}
	EndGlobalSection
EndGlobal
